
Microsoft Visual Studio Solution File, Format Version 12.00
# Visual Studio 15
VisualStudioVersion = 15.0.28010.2003
MinimumVisualStudioVersion = 10.0.40219.1
Project("{FAE04EC0-301F-11D3-BF4B-00C04F79EFBC}") = "SignalR_WebChat", "SignalR_WebChat\SignalR_WebChat.csproj", "{119C5E9A-8711-4D57-9AFD-D8699DF703F6}"
EndProject
Global
	GlobalSection(SolutionConfigurationPlatforms) = preSolution
		Debug|Any CPU = Debug|Any CPU
		Release|Any CPU = Release|Any CPU
	EndGlobalSection
	GlobalSection(ProjectConfigurationPlatforms) = postSolution
		{119C5E9A-8711-4D57-9AFD-D8699DF703F6}.Debug|Any CPU.ActiveCfg = Debug|Any CPU
		{119C5E9A-8711-4D57-9AFD-D8699DF703F6}.Debug|Any CPU.Build.0 = Debug|Any CPU
		{119C5E9A-8711-4D57-9AFD-D8699DF703F6}.Release|Any CPU.ActiveCfg = Release|Any CPU
		{119C5E9A-8711-4D57-9AFD-D8699DF703F6}.Release|Any CPU.Build.0 = Release|Any CPU
	EndGlobalSection
	GlobalSection(SolutionProperties) = preSolution
		HideSolutionNode = FALSE
	EndGlobalSection
	GlobalSection(ExtensibilityGlobals) = postSolution
		SolutionGuid = {281E1E2D-B192-4789-814B-B0B3E1099E6D}
	EndGlobalSection
EndGlobal
